
Microsoft Visual Studio Solution File, Format Version 12.00
# Visual Studio Version 16
VisualStudioVersion = 16.0.30804.86
MinimumVisualStudioVersion = 10.0.40219.1
Project("{FAE04EC0-301F-11D3-BF4B-00C04F79EFBC}") = "sticky_notes.Android", "sticky_notes\sticky_notes.Android\sticky_notes.Android.csproj", "{04DBF14E-39BB-4FF2-BD05-22FD6A807624}"
EndProject
Project("{FAE04EC0-301F-11D3-BF4B-00C04F79EFBC}") = "sticky_notes.iOS", "sticky_notes\sticky_notes.iOS\sticky_notes.iOS.csproj", "{AFD1B148-3097-42E0-B470-BFB668E1A5FF}"
EndProject
Project("{FAE04EC0-301F-11D3-BF4B-00C04F79EFBC}") = "sticky_notes", "sticky_notes\sticky_notes\sticky_notes.csproj", "{1AECF9DA-13FA-443F-A298-D22002557DE2}"
EndProject
Global
	GlobalSection(SolutionConfigurationPlatforms) = preSolution
		Debug|Any CPU = Debug|Any CPU
		Debug|iPhone = Debug|iPhone
		Debug|iPhoneSimulator = Debug|iPhoneSimulator
		Release|Any CPU = Release|Any CPU
		Release|iPhone = Release|iPhone
		Release|iPhoneSimulator = Release|iPhoneSimulator
	EndGlobalSection
	GlobalSection(ProjectConfigurationPlatforms) = postSolution
		{04DBF14E-39BB-4FF2-BD05-22FD6A807624}.Debug|Any CPU.ActiveCfg = Debug|Any CPU
		{04DBF14E-39BB-4FF2-BD05-22FD6A807624}.Debug|Any CPU.Build.0 = Debug|Any CPU
		{04DBF14E-39BB-4FF2-BD05-22FD6A807624}.Debug|Any CPU.Deploy.0 = Debug|Any CPU
		{04DBF14E-39BB-4FF2-BD05-22FD6A807624}.Debug|iPhone.ActiveCfg = Debug|Any CPU
		{04DBF14E-39BB-4FF2-BD05-22FD6A807624}.Debug|iPhone.Build.0 = Debug|Any CPU
		{04DBF14E-39BB-4FF2-BD05-22FD6A807624}.Debug|iPhone.Deploy.0 = Debug|Any CPU
		{04DBF14E-39BB-4FF2-BD05-22FD6A807624}.Debug|iPhoneSimulator.ActiveCfg = Debug|Any CPU
		{04DBF14E-39BB-4FF2-BD05-22FD6A807624}.Debug|iPhoneSimulator.Build.0 = Debug|Any CPU
		{04DBF14E-39BB-4FF2-BD05-22FD6A807624}.Debug|iPhoneSimulator.Deploy.0 = Debug|Any CPU
		{04DBF14E-39BB-4FF2-BD05-22FD6A807624}.Release|Any CPU.ActiveCfg = Release|Any CPU
		{04DBF14E-39BB-4FF2-BD05-22FD6A807624}.Release|Any CPU.Build.0 = Release|Any CPU
		{04DBF14E-39BB-4FF2-BD05-22FD6A807624}.Release|Any CPU.Deploy.0 = Release|Any CPU
		{04DBF14E-39BB-4FF2-BD05-22FD6A807624}.Release|iPhone.ActiveCfg = Release|Any CPU
		{04DBF14E-39BB-4FF2-BD05-22FD6A807624}.Release|iPhone.Build.0 = Release|Any CPU
		{04DBF14E-39BB-4FF2-BD05-22FD6A807624}.Release|iPhone.Deploy.0 = Release|Any CPU
		{04DBF14E-39BB-4FF2-BD05-22FD6A807624}.Release|iPhoneSimulator.ActiveCfg = Release|Any CPU
		{04DBF14E-39BB-4FF2-BD05-22FD6A807624}.Release|iPhoneSimulator.Build.0 = Release|Any CPU
		{04DBF14E-39BB-4FF2-BD05-22FD6A807624}.Release|iPhoneSimulator.Deploy.0 = Release|Any CPU
		{AFD1B148-3097-42E0-B470-BFB668E1A5FF}.Debug|Any CPU.ActiveCfg = Debug|iPhone
		{AFD1B148-3097-42E0-B470-BFB668E1A5FF}.Debug|Any CPU.Build.0 = Debug|iPhone
		{AFD1B148-3097-42E0-B470-BFB668E1A5FF}.Debug|Any CPU.Deploy.0 = Debug|iPhone
		{AFD1B148-3097-42E0-B470-BFB668E1A5FF}.Debug|iPhone.ActiveCfg = Debug|iPhone
		{AFD1B148-3097-42E0-B470-BFB668E1A5FF}.Debug|iPhone.Build.0 = Debug|iPhone
		{AFD1B148-3097-42E0-B470-BFB668E1A5FF}.Debug|iPhone.Deploy.0 = Debug|iPhone
		{AFD1B148-3097-42E0-B470-BFB668E1A5FF}.Debug|iPhoneSimulator.ActiveCfg = Debug|iPhoneSimulator
		{AFD1B148-3097-42E0-B470-BFB668E1A5FF}.Debug|iPhoneSimulator.Build.0 = Debug|iPhoneSimulator
		{AFD1B148-3097-42E0-B470-BFB668E1A5FF}.Debug|iPhoneSimulator.Deploy.0 = Debug|iPhoneSimulator
		{AFD1B148-3097-42E0-B470-BFB668E1A5FF}.Release|Any CPU.ActiveCfg = Release|iPhoneSimulator
		{AFD1B148-3097-42E0-B470-BFB668E1A5FF}.Release|Any CPU.Build.0 = Release|iPhoneSimulator
		{AFD1B148-3097-42E0-B470-BFB668E1A5FF}.Release|Any CPU.Deploy.0 = Release|iPhoneSimulator
		{AFD1B148-3097-42E0-B470-BFB668E1A5FF}.Release|iPhone.ActiveCfg = Release|iPhone
		{AFD1B148-3097-42E0-B470-BFB668E1A5FF}.Release|iPhone.Build.0 = Release|iPhone
		{AFD1B148-3097-42E0-B470-BFB668E1A5FF}.Release|iPhone.Deploy.0 = Release|iPhone
		{AFD1B148-3097-42E0-B470-BFB668E1A5FF}.Release|iPhoneSimulator.ActiveCfg = Release|iPhoneSimulator
		{AFD1B148-3097-42E0-B470-BFB668E1A5FF}.Release|iPhoneSimulator.Build.0 = Release|iPhoneSimulator
		{AFD1B148-3097-42E0-B470-BFB668E1A5FF}.Release|iPhoneSimulator.Deploy.0 = Release|iPhoneSimulator
		{1AECF9DA-13FA-443F-A298-D22002557DE2}.Debug|Any CPU.ActiveCfg = Debug|Any CPU
		{1AECF9DA-13FA-443F-A298-D22002557DE2}.Debug|Any CPU.Build.0 = Debug|Any CPU
		{1AECF9DA-13FA-443F-A298-D22002557DE2}.Debug|Any CPU.Deploy.0 = Debug|Any CPU
		{1AECF9DA-13FA-443F-A298-D22002557DE2}.Debug|iPhone.ActiveCfg = Debug|Any CPU
		{1AECF9DA-13FA-443F-A298-D22002557DE2}.Debug|iPhone.Build.0 = Debug|Any CPU
		{1AECF9DA-13FA-443F-A298-D22002557DE2}.Debug|iPhone.Deploy.0 = Debug|Any CPU
		{1AECF9DA-13FA-443F-A298-D22002557DE2}.Debug|iPhoneSimulator.ActiveCfg = Debug|Any CPU
		{1AECF9DA-13FA-443F-A298-D22002557DE2}.Debug|iPhoneSimulator.Build.0 = Debug|Any CPU
		{1AECF9DA-13FA-443F-A298-D22002557DE2}.Debug|iPhoneSimulator.Deploy.0 = Debug|Any CPU
		{1AECF9DA-13FA-443F-A298-D22002557DE2}.Release|Any CPU.ActiveCfg = Release|Any CPU
		{1AECF9DA-13FA-443F-A298-D22002557DE2}.Release|Any CPU.Build.0 = Release|Any CPU
		{1AECF9DA-13FA-443F-A298-D22002557DE2}.Release|Any CPU.Deploy.0 = Release|Any CPU
		{1AECF9DA-13FA-443F-A298-D22002557DE2}.Release|iPhone.ActiveCfg = Release|Any CPU
		{1AECF9DA-13FA-443F-A298-D22002557DE2}.Release|iPhone.Build.0 = Release|Any CPU
		{1AECF9DA-13FA-443F-A298-D22002557DE2}.Release|iPhone.Deploy.0 = Release|Any CPU
		{1AECF9DA-13FA-443F-A298-D22002557DE2}.Release|iPhoneSimulator.ActiveCfg = Release|Any CPU
		{1AECF9DA-13FA-443F-A298-D22002557DE2}.Release|iPhoneSimulator.Build.0 = Release|Any CPU
		{1AECF9DA-13FA-443F-A298-D22002557DE2}.Release|iPhoneSimulator.Deploy.0 = Release|Any CPU
	EndGlobalSection
	GlobalSection(SolutionProperties) = preSolution
		HideSolutionNode = FALSE
	EndGlobalSection
	GlobalSection(ExtensibilityGlobals) = postSolution
		SolutionGuid = {FF530816-5518-4168-A917-C582D1AD9727}
	EndGlobalSection
EndGlobal
